
Microsoft Visual Studio Solution File, Format Version 12.00
# Visual Studio 15
VisualStudioVersion = 15.0.27004.2006
MinimumVisualStudioVersion = 10.0.40219.1
Project("{8BC9CEB8-8B4A-11D0-8D11-00A0C91BC942}") = "IncreaseBeveragesAssortment", "IncreaseBeveragesAssortment\IncreaseBeveragesAssortment.vcxproj", "{8BB45C7C-0256-4DB6-84C4-44E89A07094D}"
EndProject
Project("{8BC9CEB8-8B4A-11D0-8D11-00A0C91BC942}") = "Streams", "Streams\Streams.vcxproj", "{4151D983-2AA5-407F-9979-E59B130CFE0B}"
EndProject
Project("{8BC9CEB8-8B4A-11D0-8D11-00A0C91BC942}") = "StreamsTests", "Streams\StreamsTests\StreamsTests.vcxproj", "{B7F70019-6166-4139-9753-5C2C0DA2B5A4}"
EndProject
Global
	GlobalSection(SolutionConfigurationPlatforms) = preSolution
		Debug|x64 = Debug|x64
		Debug|x86 = Debug|x86
		Release|x64 = Release|x64
		Release|x86 = Release|x86
	EndGlobalSection
	GlobalSection(ProjectConfigurationPlatforms) = postSolution
		{8BB45C7C-0256-4DB6-84C4-44E89A07094D}.Debug|x64.ActiveCfg = Debug|x64
		{8BB45C7C-0256-4DB6-84C4-44E89A07094D}.Debug|x64.Build.0 = Debug|x64
		{8BB45C7C-0256-4DB6-84C4-44E89A07094D}.Debug|x86.ActiveCfg = Debug|Win32
		{8BB45C7C-0256-4DB6-84C4-44E89A07094D}.Debug|x86.Build.0 = Debug|Win32
		{8BB45C7C-0256-4DB6-84C4-44E89A07094D}.Release|x64.ActiveCfg = Release|x64
		{8BB45C7C-0256-4DB6-84C4-44E89A07094D}.Release|x64.Build.0 = Release|x64
		{8BB45C7C-0256-4DB6-84C4-44E89A07094D}.Release|x86.ActiveCfg = Release|Win32
		{8BB45C7C-0256-4DB6-84C4-44E89A07094D}.Release|x86.Build.0 = Release|Win32
		{4151D983-2AA5-407F-9979-E59B130CFE0B}.Debug|x64.ActiveCfg = Debug|x64
		{4151D983-2AA5-407F-9979-E59B130CFE0B}.Debug|x64.Build.0 = Debug|x64
		{4151D983-2AA5-407F-9979-E59B130CFE0B}.Debug|x86.ActiveCfg = Debug|Win32
		{4151D983-2AA5-407F-9979-E59B130CFE0B}.Debug|x86.Build.0 = Debug|Win32
		{4151D983-2AA5-407F-9979-E59B130CFE0B}.Release|x64.ActiveCfg = Release|x64
		{4151D983-2AA5-407F-9979-E59B130CFE0B}.Release|x64.Build.0 = Release|x64
		{4151D983-2AA5-407F-9979-E59B130CFE0B}.Release|x86.ActiveCfg = Release|Win32
		{4151D983-2AA5-407F-9979-E59B130CFE0B}.Release|x86.Build.0 = Release|Win32
		{B7F70019-6166-4139-9753-5C2C0DA2B5A4}.Debug|x64.ActiveCfg = Debug|x64
		{B7F70019-6166-4139-9753-5C2C0DA2B5A4}.Debug|x64.Build.0 = Debug|x64
		{B7F70019-6166-4139-9753-5C2C0DA2B5A4}.Debug|x86.ActiveCfg = Debug|Win32
		{B7F70019-6166-4139-9753-5C2C0DA2B5A4}.Debug|x86.Build.0 = Debug|Win32
		{B7F70019-6166-4139-9753-5C2C0DA2B5A4}.Release|x64.ActiveCfg = Release|x64
		{B7F70019-6166-4139-9753-5C2C0DA2B5A4}.Release|x64.Build.0 = Release|x64
		{B7F70019-6166-4139-9753-5C2C0DA2B5A4}.Release|x86.ActiveCfg = Release|Win32
		{B7F70019-6166-4139-9753-5C2C0DA2B5A4}.Release|x86.Build.0 = Release|Win32
	EndGlobalSection
	GlobalSection(SolutionProperties) = preSolution
		HideSolutionNode = FALSE
	EndGlobalSection
	GlobalSection(ExtensibilityGlobals) = postSolution
		SolutionGuid = {8AF5B123-3A3F-4A1C-9FBC-960B6FF5607B}
	EndGlobalSection
EndGlobal
