
Microsoft Visual Studio Solution File, Format Version 12.00
# Visual Studio 15
VisualStudioVersion = 15.0.27004.2006
MinimumVisualStudioVersion = 10.0.40219.1
Project("{8BC9CEB8-8B4A-11D0-8D11-00A0C91BC942}") = "Shapes", "Shapes\Shapes.vcxproj", "{E365D892-F3D3-4BEE-8D83-44D3AAA3353C}"
EndProject
Project("{8BC9CEB8-8B4A-11D0-8D11-00A0C91BC942}") = "Slides", "Slides\Slides.vcxproj", "{1F2A687E-5CFA-4EC9-98A9-41AE67348AE7}"
EndProject
Project("{8BC9CEB8-8B4A-11D0-8D11-00A0C91BC942}") = "ShapesTests", "Shapes\ShapesTests\ShapesTests.vcxproj", "{FB519DE1-0C6C-4C98-BADA-533C6AABAD67}"
EndProject
Global
	GlobalSection(SolutionConfigurationPlatforms) = preSolution
		Debug|x64 = Debug|x64
		Debug|x86 = Debug|x86
		Release|x64 = Release|x64
		Release|x86 = Release|x86
	EndGlobalSection
	GlobalSection(ProjectConfigurationPlatforms) = postSolution
		{E365D892-F3D3-4BEE-8D83-44D3AAA3353C}.Debug|x64.ActiveCfg = Debug|x64
		{E365D892-F3D3-4BEE-8D83-44D3AAA3353C}.Debug|x64.Build.0 = Debug|x64
		{E365D892-F3D3-4BEE-8D83-44D3AAA3353C}.Debug|x86.ActiveCfg = Debug|Win32
		{E365D892-F3D3-4BEE-8D83-44D3AAA3353C}.Debug|x86.Build.0 = Debug|Win32
		{E365D892-F3D3-4BEE-8D83-44D3AAA3353C}.Release|x64.ActiveCfg = Release|x64
		{E365D892-F3D3-4BEE-8D83-44D3AAA3353C}.Release|x64.Build.0 = Release|x64
		{E365D892-F3D3-4BEE-8D83-44D3AAA3353C}.Release|x86.ActiveCfg = Release|Win32
		{E365D892-F3D3-4BEE-8D83-44D3AAA3353C}.Release|x86.Build.0 = Release|Win32
		{1F2A687E-5CFA-4EC9-98A9-41AE67348AE7}.Debug|x64.ActiveCfg = Debug|x64
		{1F2A687E-5CFA-4EC9-98A9-41AE67348AE7}.Debug|x64.Build.0 = Debug|x64
		{1F2A687E-5CFA-4EC9-98A9-41AE67348AE7}.Debug|x86.ActiveCfg = Debug|Win32
		{1F2A687E-5CFA-4EC9-98A9-41AE67348AE7}.Debug|x86.Build.0 = Debug|Win32
		{1F2A687E-5CFA-4EC9-98A9-41AE67348AE7}.Release|x64.ActiveCfg = Release|x64
		{1F2A687E-5CFA-4EC9-98A9-41AE67348AE7}.Release|x64.Build.0 = Release|x64
		{1F2A687E-5CFA-4EC9-98A9-41AE67348AE7}.Release|x86.ActiveCfg = Release|Win32
		{1F2A687E-5CFA-4EC9-98A9-41AE67348AE7}.Release|x86.Build.0 = Release|Win32
		{FB519DE1-0C6C-4C98-BADA-533C6AABAD67}.Debug|x64.ActiveCfg = Debug|x64
		{FB519DE1-0C6C-4C98-BADA-533C6AABAD67}.Debug|x64.Build.0 = Debug|x64
		{FB519DE1-0C6C-4C98-BADA-533C6AABAD67}.Debug|x86.ActiveCfg = Debug|Win32
		{FB519DE1-0C6C-4C98-BADA-533C6AABAD67}.Debug|x86.Build.0 = Debug|Win32
		{FB519DE1-0C6C-4C98-BADA-533C6AABAD67}.Release|x64.ActiveCfg = Release|x64
		{FB519DE1-0C6C-4C98-BADA-533C6AABAD67}.Release|x64.Build.0 = Release|x64
		{FB519DE1-0C6C-4C98-BADA-533C6AABAD67}.Release|x86.ActiveCfg = Release|Win32
		{FB519DE1-0C6C-4C98-BADA-533C6AABAD67}.Release|x86.Build.0 = Release|Win32
	EndGlobalSection
	GlobalSection(SolutionProperties) = preSolution
		HideSolutionNode = FALSE
	EndGlobalSection
	GlobalSection(ExtensibilityGlobals) = postSolution
		SolutionGuid = {C1262BD6-635F-4289-B22C-A528903B90F3}
	EndGlobalSection
EndGlobal
